
Microsoft Visual Studio Solution File, Format Version 12.00
# Visual Studio Version 17
VisualStudioVersion = 17.5.002.0
MinimumVisualStudioVersion = 10.0.40219.1
Project("{9A19103F-16F7-4668-BE54-9A1E7A4F7556}") = "MyConsoleApp", "MyConsoleApp\MyConsoleApp.csproj", "{2BA2C5E3-1DD6-45DC-8E84-255441BED5B6}"
EndProject
Project("{9A19103F-16F7-4668-BE54-9A1E7A4F7556}") = "MyWebApi", "MyWebApi\MyWebApi.csproj", "{36386515-5285-425A-B040-40D2C0E4E3A9}"
EndProject
Global
	GlobalSection(SolutionConfigurationPlatforms) = preSolution
		Debug|Any CPU = Debug|Any CPU
		Release|Any CPU = Release|Any CPU
	EndGlobalSection
	GlobalSection(ProjectConfigurationPlatforms) = postSolution
		{2BA2C5E3-1DD6-45DC-8E84-255441BED5B6}.Debug|Any CPU.ActiveCfg = Debug|Any CPU
		{2BA2C5E3-1DD6-45DC-8E84-255441BED5B6}.Debug|Any CPU.Build.0 = Debug|Any CPU
		{2BA2C5E3-1DD6-45DC-8E84-255441BED5B6}.Release|Any CPU.ActiveCfg = Release|Any CPU
		{2BA2C5E3-1DD6-45DC-8E84-255441BED5B6}.Release|Any CPU.Build.0 = Release|Any CPU
		{36386515-5285-425A-B040-40D2C0E4E3A9}.Debug|Any CPU.ActiveCfg = Debug|Any CPU
		{36386515-5285-425A-B040-40D2C0E4E3A9}.Debug|Any CPU.Build.0 = Debug|Any CPU
		{36386515-5285-425A-B040-40D2C0E4E3A9}.Release|Any CPU.ActiveCfg = Release|Any CPU
		{36386515-5285-425A-B040-40D2C0E4E3A9}.Release|Any CPU.Build.0 = Release|Any CPU
	EndGlobalSection
	GlobalSection(SolutionProperties) = preSolution
		HideSolutionNode = FALSE
	EndGlobalSection
	GlobalSection(ExtensibilityGlobals) = postSolution
		SolutionGuid = {9A563E88-1FE3-4405-8D62-1AC6B0BF2DEE}
	EndGlobalSection
EndGlobal
